
Microsoft Visual Studio Solution File, Format Version 12.00
# Visual Studio Version 17
VisualStudioVersion = 17.4.33110.190
MinimumVisualStudioVersion = 10.0.40219.1
Project("{FAE04EC0-301F-11D3-BF4B-00C04F79EFBC}") = "MyPostApi", "MyPostApi\MyPostApi.csproj", "{C037EA1A-7625-4B39-B41C-C795C227510B}"
EndProject
Project("{FAE04EC0-301F-11D3-BF4B-00C04F79EFBC}") = "Entities", "Entities\Entities.csproj", "{9BC1EF87-CAC8-42AD-9ED9-2ACCDFC8628F}"
EndProject
Project("{FAE04EC0-301F-11D3-BF4B-00C04F79EFBC}") = "Repositories", "Repositories\Repositories.csproj", "{A1D8E007-A158-4AC6-B771-4208845311D5}"
EndProject
Project("{FAE04EC0-301F-11D3-BF4B-00C04F79EFBC}") = "Controllers", "Controllers\Controllers.csproj", "{A901523A-954C-4B6E-B15E-B480A15E0FA2}"
EndProject
Project("{FAE04EC0-301F-11D3-BF4B-00C04F79EFBC}") = "Repositories.Contracts", "Repositories.Contracts\Repositories.Contracts.csproj", "{661AF2BA-0B8A-4007-B85C-BD8A550E468C}"
EndProject
Global
	GlobalSection(SolutionConfigurationPlatforms) = preSolution
		Debug|Any CPU = Debug|Any CPU
		Release|Any CPU = Release|Any CPU
	EndGlobalSection
	GlobalSection(ProjectConfigurationPlatforms) = postSolution
		{C037EA1A-7625-4B39-B41C-C795C227510B}.Debug|Any CPU.ActiveCfg = Debug|Any CPU
		{C037EA1A-7625-4B39-B41C-C795C227510B}.Debug|Any CPU.Build.0 = Debug|Any CPU
		{C037EA1A-7625-4B39-B41C-C795C227510B}.Release|Any CPU.ActiveCfg = Release|Any CPU
		{C037EA1A-7625-4B39-B41C-C795C227510B}.Release|Any CPU.Build.0 = Release|Any CPU
		{9BC1EF87-CAC8-42AD-9ED9-2ACCDFC8628F}.Debug|Any CPU.ActiveCfg = Debug|Any CPU
		{9BC1EF87-CAC8-42AD-9ED9-2ACCDFC8628F}.Debug|Any CPU.Build.0 = Debug|Any CPU
		{9BC1EF87-CAC8-42AD-9ED9-2ACCDFC8628F}.Release|Any CPU.ActiveCfg = Release|Any CPU
		{9BC1EF87-CAC8-42AD-9ED9-2ACCDFC8628F}.Release|Any CPU.Build.0 = Release|Any CPU
		{A1D8E007-A158-4AC6-B771-4208845311D5}.Debug|Any CPU.ActiveCfg = Debug|Any CPU
		{A1D8E007-A158-4AC6-B771-4208845311D5}.Debug|Any CPU.Build.0 = Debug|Any CPU
		{A1D8E007-A158-4AC6-B771-4208845311D5}.Release|Any CPU.ActiveCfg = Release|Any CPU
		{A1D8E007-A158-4AC6-B771-4208845311D5}.Release|Any CPU.Build.0 = Release|Any CPU
		{A901523A-954C-4B6E-B15E-B480A15E0FA2}.Debug|Any CPU.ActiveCfg = Debug|Any CPU
		{A901523A-954C-4B6E-B15E-B480A15E0FA2}.Debug|Any CPU.Build.0 = Debug|Any CPU
		{A901523A-954C-4B6E-B15E-B480A15E0FA2}.Release|Any CPU.ActiveCfg = Release|Any CPU
		{A901523A-954C-4B6E-B15E-B480A15E0FA2}.Release|Any CPU.Build.0 = Release|Any CPU
		{661AF2BA-0B8A-4007-B85C-BD8A550E468C}.Debug|Any CPU.ActiveCfg = Debug|Any CPU
		{661AF2BA-0B8A-4007-B85C-BD8A550E468C}.Debug|Any CPU.Build.0 = Debug|Any CPU
		{661AF2BA-0B8A-4007-B85C-BD8A550E468C}.Release|Any CPU.ActiveCfg = Release|Any CPU
		{661AF2BA-0B8A-4007-B85C-BD8A550E468C}.Release|Any CPU.Build.0 = Release|Any CPU
	EndGlobalSection
	GlobalSection(SolutionProperties) = preSolution
		HideSolutionNode = FALSE
	EndGlobalSection
	GlobalSection(ExtensibilityGlobals) = postSolution
		SolutionGuid = {4D953112-1564-44E6-8DD8-66CA37961D88}
	EndGlobalSection
EndGlobal
